
Microsoft Visual Studio Solution File, Format Version 12.00
# Visual Studio 14
VisualStudioVersion = 14.0.23107.0
MinimumVisualStudioVersion = 10.0.40219.1
Project("{FAE04EC0-301F-11D3-BF4B-00C04F79EFBC}") = "Clocker", "Clocker\Clocker.csproj", "{AE08EE13-AB8B-49D8-9837-3B815D3510C8}"
EndProject
Project("{2150E333-8FDC-42A3-9474-1A3956D46DE8}") = "Solution Items", "Solution Items", "{02FFC25F-37E9-49A6-A924-3EDE098C8598}"
	ProjectSection(SolutionItems) = preProject
		.editorconfig = .editorconfig
		.gitattributes = .gitattributes
		.gitignore = .gitignore
		LICENSE = LICENSE
		README.MD = README.MD
	EndProjectSection
EndProject
Project("{54435603-DBB4-11D2-8724-00A0C9A8B90C}") = "Setup", "Setup\Setup.vdproj", "{F307E287-330C-4BFE-9F2C-A7ADC094F51B}"
EndProject
Project("{FAE04EC0-301F-11D3-BF4B-00C04F79EFBC}") = "UnitTests", "Tests\UnitTests.csproj", "{067456C0-086C-46A8-B37F-1405717B7BFC}"
EndProject
Global
	GlobalSection(SolutionConfigurationPlatforms) = preSolution
		Debug|Any CPU = Debug|Any CPU
		Release|Any CPU = Release|Any CPU
	EndGlobalSection
	GlobalSection(ProjectConfigurationPlatforms) = postSolution
		{AE08EE13-AB8B-49D8-9837-3B815D3510C8}.Debug|Any CPU.ActiveCfg = Debug|Any CPU
		{AE08EE13-AB8B-49D8-9837-3B815D3510C8}.Debug|Any CPU.Build.0 = Debug|Any CPU
		{AE08EE13-AB8B-49D8-9837-3B815D3510C8}.Release|Any CPU.ActiveCfg = Release|Any CPU
		{AE08EE13-AB8B-49D8-9837-3B815D3510C8}.Release|Any CPU.Build.0 = Release|Any CPU
		{F307E287-330C-4BFE-9F2C-A7ADC094F51B}.Debug|Any CPU.ActiveCfg = Debug
		{F307E287-330C-4BFE-9F2C-A7ADC094F51B}.Release|Any CPU.ActiveCfg = Release
		{F307E287-330C-4BFE-9F2C-A7ADC094F51B}.Release|Any CPU.Build.0 = Release
		{067456C0-086C-46A8-B37F-1405717B7BFC}.Debug|Any CPU.ActiveCfg = Debug|Any CPU
		{067456C0-086C-46A8-B37F-1405717B7BFC}.Debug|Any CPU.Build.0 = Debug|Any CPU
		{067456C0-086C-46A8-B37F-1405717B7BFC}.Release|Any CPU.ActiveCfg = Release|Any CPU
	EndGlobalSection
	GlobalSection(SolutionProperties) = preSolution
		HideSolutionNode = FALSE
	EndGlobalSection
EndGlobal
